// !$*UTF8*$!
{
	archiveVersion = 1;
	classes = {
	};
	objectVersion = 50;
	objects = {

/* Begin PBXBuildFile section */
		0A98E91B2492DA4500D2C317 /* AppDelegate.swift in Sources */ = {isa = PBXBuildFile; fileRef = 0A98E91A2492DA4500D2C317 /* AppDelegate.swift */; };
		0A98E91D2492DA4500D2C317 /* SceneDelegate.swift in Sources */ = {isa = PBXBuildFile; fileRef = 0A98E91C2492DA4500D2C317 /* SceneDelegate.swift */; };
		0A98E91F2492DA4500D2C317 /* ViewController.swift in Sources */ = {isa = PBXBuildFile; fileRef = 0A98E91E2492DA4500D2C317 /* ViewController.swift */; };
		0A98E9222492DA4500D2C317 /* Main.storyboard in Resources */ = {isa = PBXBuildFile; fileRef = 0A98E9202492DA4500D2C317 /* Main.storyboard */; };
		0A98E9242492DA4600D2C317 /* Assets.xcassets in Resources */ = {isa = PBXBuildFile; fileRef = 0A98E9232492DA4600D2C317 /* Assets.xcassets */; };
		0A98E9272492DA4600D2C317 /* LaunchScreen.storyboard in Resources */ = {isa = PBXBuildFile; fileRef = 0A98E9252492DA4600D2C317 /* LaunchScreen.storyboard */; };
		0A98E9322492DA4600D2C317 /* CoordinatorDemoTests.swift in Sources */ = {isa = PBXBuildFile; fileRef = 0A98E9312492DA4600D2C317 /* CoordinatorDemoTests.swift */; };
/* End PBXBuildFile section */

/* Begin PBXContainerItemProxy section */
		0A98E92E2492DA4600D2C317 /* PBXContainerItemProxy */ = {
			isa = PBXContainerItemProxy;
			containerPortal = 0A98E90F2492DA4500D2C317 /* Project object */;
			proxyType = 1;
			remoteGlobalIDString = 0A98E9162492DA4500D2C317;
			remoteInfo = CoordinatorDemo;
		};
/* End PBXContainerItemProxy section */

/* Begin PBXFileReference section */
		0A98E9172492DA4500D2C317 /* CoordinatorDemo.app */ = {isa = PBXFileReference; explicitFileType = wrapper.application; includeInIndex = 0; path = CoordinatorDemo.app; sourceTree = BUILT_PRODUCTS_DIR; };
		0A98E91A2492DA4500D2C317 /* AppDelegate.swift */ = {isa = PBXFileReference; lastKnownFileType = sourcecode.swift; path = AppDelegate.swift; sourceTree = "<group>"; };
		0A98E91C2492DA4500D2C317 /* SceneDelegate.swift */ = {isa = PBXFileReference; lastKnownFileType = sourcecode.swift; path = SceneDelegate.swift; sourceTree = "<group>"; };
		0A98E91E2492DA4500D2C317 /* ViewController.swift */ = {isa = PBXFileReference; lastKnownFileType = sourcecode.swift; path = ViewController.swift; sourceTree = "<group>"; };
		0A98E9212492DA4500D2C317 /* Base */ = {isa = PBXFileReference; lastKnownFileType = file.storyboard; name = Base; path = Base.lproj/Main.storyboard; sourceTree = "<group>"; };
		0A98E9232492DA4600D2C317 /* Assets.xcassets */ = {isa = PBXFileReference; lastKnownFileType = folder.assetcatalog; path = Assets.xcassets; sourceTree = "<group>"; };
		0A98E9262492DA4600D2C317 /* Base */ = {isa = PBXFileReference; lastKnownFileType = file.storyboard; name = Base; path = Base.lproj/LaunchScreen.storyboard; sourceTree = "<group>"; };
		0A98E9282492DA4600D2C317 /* Info.plist */ = {isa = PBXFileReference; lastKnownFileType = text.plist.xml; path = Info.plist; sourceTree = "<group>"; };
		0A98E92D2492DA4600D2C317 /* CoordinatorDemoTests.xctest */ = {isa = PBXFileReference; explicitFileType = wrapper.cfbundle; includeInIndex = 0; path = CoordinatorDemoTests.xctest; sourceTree = BUILT_PRODUCTS_DIR; };
		0A98E9312492DA4600D2C317 /* CoordinatorDemoTests.swift */ = {isa = PBXFileReference; lastKnownFileType = sourcecode.swift; path = CoordinatorDemoTests.swift; sourceTree = "<group>"; };
		0A98E9332492DA4600D2C317 /* Info.plist */ = {isa = PBXFileReference; lastKnownFileType = text.plist.xml; path = Info.plist; sourceTree = "<group>"; };
/* End PBXFileReference section */

/* Begin PBXFrameworksBuildPhase section */
		0A98E9142492DA4500D2C317 /* Frameworks */ = {
			isa = PBXFrameworksBuildPhase;
			buildActionMask = 2147483647;
			files = (
			);
			runOnlyForDeploymentPostprocessing = 0;
		};
		0A98E92A2492DA4600D2C317 /* Frameworks */ = {
			isa = PBXFrameworksBuildPhase;
			buildActionMask = 2147483647;
			files = (
			);
			runOnlyForDeploymentPostprocessing = 0;
		};
/* End PBXFrameworksBuildPhase section */

/* Begin PBXGroup section */
		0A98E90E2492DA4500D2C317 = {
			isa = PBXGroup;
			children = (
				0A98E9192492DA4500D2C317 /* CoordinatorDemo */,
				0A98E9302492DA4600D2C317 /* CoordinatorDemoTests */,
				0A98E9182492DA4500D2C317 /* Products */,
			);
			sourceTree = "<group>";
		};
		0A98E9182492DA4500D2C317 /* Products */ = {
			isa = PBXGroup;
			children = (
				0A98E9172492DA4500D2C317 /* CoordinatorDemo.app */,
				0A98E92D2492DA4600D2C317 /* CoordinatorDemoTests.xctest */,
			);
			name = Products;
			sourceTree = "<group>";
		};
		0A98E9192492DA4500D2C317 /* CoordinatorDemo */ = {
			isa = PBXGroup;
			children = (
				0A98E91A2492DA4500D2C317 /* AppDelegate.swift */,
				0A98E91C2492DA4500D2C317 /* SceneDelegate.swift */,
				0A98E91E2492DA4500D2C317 /* ViewController.swift */,
				0A98E9202492DA4500D2C317 /* Main.storyboard */,
				0A98E9232492DA4600D2C317 /* Assets.xcassets */,
				0A98E9252492DA4600D2C317 /* LaunchScreen.storyboard */,
				0A98E9282492DA4600D2C317 /* Info.plist */,
			);
			path = CoordinatorDemo;
			sourceTree = "<group>";
		};
		0A98E9302492DA4600D2C317 /* CoordinatorDemoTests */ = {
			isa = PBXGroup;
			children = (
				0A98E9312492DA4600D2C317 /* CoordinatorDemoTests.swift */,
				0A98E9332492DA4600D2C317 /* Info.plist */,
			);
			path = CoordinatorDemoTests;
			sourceTree = "<group>";
		};
/* End PBXGroup section */

/* Begin PBXNativeTarget section */
		0A98E9162492DA4500D2C317 /* CoordinatorDemo */ = {
			isa = PBXNativeTarget;
			buildConfigurationList = 0A98E9362492DA4600D2C317 /* Build configuration list for PBXNativeTarget "CoordinatorDemo" */;
			buildPhases = (
				0A98E9132492DA4500D2C317 /* Sources */,
				0A98E9142492DA4500D2C317 /* Frameworks */,
				0A98E9152492DA4500D2C317 /* Resources */,
			);
			buildRules = (
			);
			dependencies = (
			);
			name = CoordinatorDemo;
			productName = CoordinatorDemo;
			productReference = 0A98E9172492DA4500D2C317 /* CoordinatorDemo.app */;
			productType = "com.apple.product-type.application";
		};
		0A98E92C2492DA4600D2C317 /* CoordinatorDemoTests */ = {
			isa = PBXNativeTarget;
			buildConfigurationList = 0A98E9392492DA4600D2C317 /* Build configuration list for PBXNativeTarget "CoordinatorDemoTests" */;
			buildPhases = (
				0A98E9292492DA4600D2C317 /* Sources */,
				0A98E92A2492DA4600D2C317 /* Frameworks */,
				0A98E92B2492DA4600D2C317 /* Resources */,
			);
			buildRules = (
			);
			dependencies = (
				0A98E92F2492DA4600D2C317 /* PBXTargetDependency */,
			);
			name = CoordinatorDemoTests;
			productName = CoordinatorDemoTests;
			productReference = 0A98E92D2492DA4600D2C317 /* CoordinatorDemoTests.xctest */;
			productType = "com.apple.product-type.bundle.unit-test";
		};
/* End PBXNativeTarget section */

/* Begin PBXProject section */
		0A98E90F2492DA4500D2C317 /* Project object */ = {
			isa = PBXProject;
			attributes = {
				LastSwiftUpdateCheck = 1150;
				LastUpgradeCheck = 1150;
				ORGANIZATIONNAME = VSCO;
				TargetAttributes = {
					0A98E9162492DA4500D2C317 = {
						CreatedOnToolsVersion = 11.5;
					};
					0A98E92C2492DA4600D2C317 = {
						CreatedOnToolsVersion = 11.5;
						TestTargetID = 0A98E9162492DA4500D2C317;
					};
				};
			};
			buildConfigurationList = 0A98E9122492DA4500D2C317 /* Build configuration list for PBXProject "CoordinatorDemo" */;
			compatibilityVersion = "Xcode 9.3";
			developmentRegion = en;
			hasScannedForEncodings = 0;
			knownRegions = (
				en,
				Base,
			);
			mainGroup = 0A98E90E2492DA4500D2C317;
			productRefGroup = 0A98E9182492DA4500D2C317 /* Products */;
			projectDirPath = "";
			projectRoot = "";
			targets = (
				0A98E9162492DA4500D2C317 /* CoordinatorDemo */,
				0A98E92C2492DA4600D2C317 /* CoordinatorDemoTests */,
			);
		};
/* End PBXProject section */

/* Begin PBXResourcesBuildPhase section */
		0A98E9152492DA4500D2C317 /* Resources */ = {
			isa = PBXResourcesBuildPhase;
			buildActionMask = 2147483647;
			files = (
				0A98E9272492DA4600D2C317 /* LaunchScreen.storyboard in Resources */,
				0A98E9242492DA4600D2C317 /* Assets.xcassets in Resources */,
				0A98E9222492DA4500D2C317 /* Main.storyboard in Resources */,
			);
			runOnlyForDeploymentPostprocessing = 0;
		};
		0A98E92B2492DA4600D2C317 /* Resources */ = {
			isa = PBXResourcesBuildPhase;
			buildActionMask = 2147483647;
			files = (
			);
			runOnlyForDeploymentPostprocessing = 0;
		};
/* End PBXResourcesBuildPhase section */

/* Begin PBXSourcesBuildPhase section */
		0A98E9132492DA4500D2C317 /* Sources */ = {
			isa = PBXSourcesBuildPhase;
			buildActionMask = 2147483647;
			files = (
				0A98E91F2492DA4500D2C317 /* ViewController.swift in Sources */,
				0A98E91B2492DA4500D2C317 /* AppDelegate.swift in Sources */,
				0A98E91D2492DA4500D2C317 /* SceneDelegate.swift in Sources */,
			);
			runOnlyForDeploymentPostprocessing = 0;
		};
		0A98E9292492DA4600D2C317 /* Sources */ = {
			isa = PBXSourcesBuildPhase;
			buildActionMask = 2147483647;
			files = (
				0A98E9322492DA4600D2C317 /* CoordinatorDemoTests.swift in Sources */,
			);
			runOnlyForDeploymentPostprocessing = 0;
		};
/* End PBXSourcesBuildPhase section */

/* Begin PBXTargetDependency section */
		0A98E92F2492DA4600D2C317 /* PBXTargetDependency */ = {
			isa = PBXTargetDependency;
			target = 0A98E9162492DA4500D2C317 /* CoordinatorDemo */;
			targetProxy = 0A98E92E2492DA4600D2C317 /* PBXContainerItemProxy */;
		};
/* End PBXTargetDependency section */

/* Begin PBXVariantGroup section */
		0A98E9202492DA4500D2C317 /* Main.storyboard */ = {
			isa = PBXVariantGroup;
			children = (
				0A98E9212492DA4500D2C317 /* Base */,
			);
			name = Main.storyboard;
			sourceTree = "<group>";
		};
		0A98E9252492DA4600D2C317 /* LaunchScreen.storyboard */ = {
			isa = PBXVariantGroup;
			children = (
				0A98E9262492DA4600D2C317 /* Base */,
			);
			name = LaunchScreen.storyboard;
			sourceTree = "<group>";
		};
/* End PBXVariantGroup section */

/* Begin XCBuildConfiguration section */
		0A98E9342492DA4600D2C317 /* Debug */ = {
			isa = XCBuildConfiguration;
			buildSettings = {
				ALWAYS_SEARCH_USER_PATHS = NO;
				CLANG_ANALYZER_NONNULL = YES;
				CLANG_ANALYZER_NUMBER_OBJECT_CONVERSION = YES_AGGRESSIVE;
				CLANG_CXX_LANGUAGE_STANDARD = "gnu++14";
				CLANG_CXX_LIBRARY = "libc++";
				CLANG_ENABLE_MODULES = YES;
				CLANG_ENABLE_OBJC_ARC = YES;
				CLANG_ENABLE_OBJC_WEAK = YES;
				CLANG_WARN_BLOCK_CAPTURE_AUTORELEASING = YES;
				CLANG_WARN_BOOL_CONVERSION = YES;
				CLANG_WARN_COMMA = YES;
				CLANG_WARN_CONSTANT_CONVERSION = YES;
				CLANG_WARN_DEPRECATED_OBJC_IMPLEMENTATIONS = YES;
				CLANG_WARN_DIRECT_OBJC_ISA_USAGE = YES_ERROR;
				CLANG_WARN_DOCUMENTATION_COMMENTS = YES;
				CLANG_WARN_EMPTY_BODY = YES;
				CLANG_WARN_ENUM_CONVERSION = YES;
				CLANG_WARN_INFINITE_RECURSION = YES;
				CLANG_WARN_INT_CONVERSION = YES;
				CLANG_WARN_NON_LITERAL_NULL_CONVERSION = YES;
				CLANG_WARN_OBJC_IMPLICIT_RETAIN_SELF = YES;
				CLANG_WARN_OBJC_LITERAL_CONVERSION = YES;
				CLANG_WARN_OBJC_ROOT_CLASS = YES_ERROR;
				CLANG_WARN_RANGE_LOOP_ANALYSIS = YES;
				CLANG_WARN_STRICT_PROTOTYPES = YES;
				CLANG_WARN_SUSPICIOUS_MOVE = YES;
				CLANG_WARN_UNGUARDED_AVAILABILITY = YES_AGGRESSIVE;
				CLANG_WARN_UNREACHABLE_CODE = YES;
				CLANG_WARN__DUPLICATE_METHOD_MATCH = YES;
				COPY_PHASE_STRIP = NO;
				DEBUG_INFORMATION_FORMAT = dwarf;
				ENABLE_STRICT_OBJC_MSGSEND = YES;
				ENABLE_TESTABILITY = YES;
				GCC_C_LANGUAGE_STANDARD = gnu11;
				GCC_DYNAMIC_NO_PIC = NO;
				GCC_NO_COMMON_BLOCKS = YES;
				GCC_OPTIMIZATION_LEVEL = 0;
				GCC_PREPROCESSOR_DEFINITIONS = (
					"DEBUG=1",
					"$(inherited)",
				);
				GCC_WARN_64_TO_32_BIT_CONVERSION = YES;
				GCC_WARN_ABOUT_RETURN_TYPE = YES_ERROR;
				GCC_WARN_UNDECLARED_SELECTOR = YES;
				GCC_WARN_UNINITIALIZED_AUTOS = YES_AGGRESSIVE;
				GCC_WARN_UNUSED_FUNCTION = YES;
				GCC_WARN_UNUSED_VARIABLE = YES;
				IPHONEOS_DEPLOYMENT_TARGET = 13.5;
				MTL_ENABLE_DEBUG_INFO = INCLUDE_SOURCE;
				MTL_FAST_MATH = YES;
				ONLY_ACTIVE_ARCH = YES;
				SDKROOT = iphoneos;
				SWIFT_ACTIVE_COMPILATION_CONDITIONS = DEBUG;
				SWIFT_OPTIMIZATION_LEVEL = "-Onone";
			};
			name = Debug;
		};
		0A98E9352492DA4600D2C317 /* Release */ = {
			isa = XCBuildConfiguration;
			buildSettings = {
				ALWAYS_SEARCH_USER_PATHS = NO;
				CLANG_ANALYZER_NONNULL = YES;
				CLANG_ANALYZER_NUMBER_OBJECT_CONVERSION = YES_AGGRESSIVE;
				CLANG_CXX_LANGUAGE_STANDARD = "gnu++14";
				CLANG_CXX_LIBRARY = "libc++";
				CLANG_ENABLE_MODULES = YES;
				CLANG_ENABLE_OBJC_ARC = YES;
				CLANG_ENABLE_OBJC_WEAK = YES;
				CLANG_WARN_BLOCK_CAPTURE_AUTORELEASING = YES;
				CLANG_WARN_BOOL_CONVERSION = YES;
				CLANG_WARN_COMMA = YES;
				CLANG_WARN_CONSTANT_CONVERSION = YES;
				CLANG_WARN_DEPRECATED_OBJC_IMPLEMENTATIONS = YES;
				CLANG_WARN_DIRECT_OBJC_ISA_USAGE = YES_ERROR;
				CLANG_WARN_DOCUMENTATION_COMMENTS = YES;
				CLANG_WARN_EMPTY_BODY = YES;
				CLANG_WARN_ENUM_CONVERSION = YES;
				CLANG_WARN_INFINITE_RECURSION = YES;
				CLANG_WARN_INT_CONVERSION = YES;
				CLANG_WARN_NON_LITERAL_NULL_CONVERSION = YES;
				CLANG_WARN_OBJC_IMPLICIT_RETAIN_SELF = YES;
				CLANG_WARN_OBJC_LITERAL_CONVERSION = YES;
				CLANG_WARN_OBJC_ROOT_CLASS = YES_ERROR;
				CLANG_WARN_RANGE_LOOP_ANALYSIS = YES;
				CLANG_WARN_STRICT_PROTOTYPES = YES;
				CLANG_WARN_SUSPICIOUS_MOVE = YES;
				CLANG_WARN_UNGUARDED_AVAILABILITY = YES_AGGRESSIVE;
				CLANG_WARN_UNREACHABLE_CODE = YES;
				CLANG_WARN__DUPLICATE_METHOD_MATCH = YES;
				COPY_PHASE_STRIP = NO;
				DEBUG_INFORMATION_FORMAT = "dwarf-with-dsym";
				ENABLE_NS_ASSERTIONS = NO;
				ENABLE_STRICT_OBJC_MSGSEND = YES;
				GCC_C_LANGUAGE_STANDARD = gnu11;
				GCC_NO_COMMON_BLOCKS = YES;
				GCC_WARN_64_TO_32_BIT_CONVERSION = YES;
				GCC_WARN_ABOUT_RETURN_TYPE = YES_ERROR;
				GCC_WARN_UNDECLARED_SELECTOR = YES;
				GCC_WARN_UNINITIALIZED_AUTOS = YES_AGGRESSIVE;
				GCC_WARN_UNUSED_FUNCTION = YES;
				GCC_WARN_UNUSED_VARIABLE = YES;
				IPHONEOS_DEPLOYMENT_TARGET = 13.5;
				MTL_ENABLE_DEBUG_INFO = NO;
				MTL_FAST_MATH = YES;
				SDKROOT = iphoneos;
				SWIFT_COMPILATION_MODE = wholemodule;
				SWIFT_OPTIMIZATION_LEVEL = "-O";
				VALIDATE_PRODUCT = YES;
			};
			name = Release;
		};
		0A98E9372492DA4600D2C317 /* Debug */ = {
			isa = XCBuildConfiguration;
			buildSettings = {
				ASSETCATALOG_COMPILER_APPICON_NAME = AppIcon;
				CODE_SIGN_STYLE = Automatic;
				DEVELOPMENT_TEAM = XVT8K7BYMV;
				INFOPLIST_FILE = CoordinatorDemo/Info.plist;
				LD_RUNPATH_SEARCH_PATHS = (
					"$(inherited)",
					"@executable_path/Frameworks",
				);
				PRODUCT_BUNDLE_IDENTIFIER = "com.vsco.-coordinatordemo.CoordinatorDemo";
				PRODUCT_NAME = "$(TARGET_NAME)";
				SWIFT_VERSION = 5.0;
				TARGETED_DEVICE_FAMILY = "1,2";
			};
			name = Debug;
		};
		0A98E9382492DA4600D2C317 /* Release */ = {
			isa = XCBuildConfiguration;
			buildSettings = {
				ASSETCATALOG_COMPILER_APPICON_NAME = AppIcon;
				CODE_SIGN_STYLE = Automatic;
				DEVELOPMENT_TEAM = XVT8K7BYMV;
				INFOPLIST_FILE = CoordinatorDemo/Info.plist;
				LD_RUNPATH_SEARCH_PATHS = (
					"$(inherited)",
					"@executable_path/Frameworks",
				);
				PRODUCT_BUNDLE_IDENTIFIER = "com.vsco.-coordinatordemo.CoordinatorDemo";
				PRODUCT_NAME = "$(TARGET_NAME)";
				SWIFT_VERSION = 5.0;
				TARGETED_DEVICE_FAMILY = "1,2";
			};
			name = Release;
		};
		0A98E93A2492DA4600D2C317 /* Debug */ = {
			isa = XCBuildConfiguration;
			buildSettings = {
				ALWAYS_EMBED_SWIFT_STANDARD_LIBRARIES = YES;
				BUNDLE_LOADER = "$(TEST_HOST)";
				CODE_SIGN_STYLE = Automatic;
				DEVELOPMENT_TEAM = XVT8K7BYMV;
				INFOPLIST_FILE = CoordinatorDemoTests/Info.plist;
				IPHONEOS_DEPLOYMENT_TARGET = 13.5;
				LD_RUNPATH_SEARCH_PATHS = (
					"$(inherited)",
					"@executable_path/Frameworks",
					"@loader_path/Frameworks",
				);
				PRODUCT_BUNDLE_IDENTIFIER = "com.vsco.-coordinatordemo.CoordinatorDemoTests";
				PRODUCT_NAME = "$(TARGET_NAME)";
				SWIFT_VERSION = 5.0;
				TARGETED_DEVICE_FAMILY = "1,2";
				TEST_HOST = "$(BUILT_PRODUCTS_DIR)/CoordinatorDemo.app/CoordinatorDemo";
			};
			name = Debug;
		};
		0A98E93B2492DA4600D2C317 /* Release */ = {
			isa = XCBuildConfiguration;
			buildSettings = {
				ALWAYS_EMBED_SWIFT_STANDARD_LIBRARIES = YES;
				BUNDLE_LOADER = "$(TEST_HOST)";
				CODE_SIGN_STYLE = Automatic;
				DEVELOPMENT_TEAM = XVT8K7BYMV;
				INFOPLIST_FILE = CoordinatorDemoTests/Info.plist;
				IPHONEOS_DEPLOYMENT_TARGET = 13.5;
				LD_RUNPATH_SEARCH_PATHS = (
					"$(inherited)",
					"@executable_path/Frameworks",
					"@loader_path/Frameworks",
				);
				PRODUCT_BUNDLE_IDENTIFIER = "com.vsco.-coordinatordemo.CoordinatorDemoTests";
				PRODUCT_NAME = "$(TARGET_NAME)";
				SWIFT_VERSION = 5.0;
				TARGETED_DEVICE_FAMILY = "1,2";
				TEST_HOST = "$(BUILT_PRODUCTS_DIR)/CoordinatorDemo.app/CoordinatorDemo";
			};
			name = Release;
		};
/* End XCBuildConfiguration section */

/* Begin XCConfigurationList section */
		0A98E9122492DA4500D2C317 /* Build configuration list for PBXProject "CoordinatorDemo" */ = {
			isa = XCConfigurationList;
			buildConfigurations = (
				0A98E9342492DA4600D2C317 /* Debug */,
				0A98E9352492DA4600D2C317 /* Release */,
			);
			defaultConfigurationIsVisible = 0;
			defaultConfigurationName = Release;
		};
		0A98E9362492DA4600D2C317 /* Build configuration list for PBXNativeTarget "CoordinatorDemo" */ = {
			isa = XCConfigurationList;
			buildConfigurations = (
				0A98E9372492DA4600D2C317 /* Debug */,
				0A98E9382492DA4600D2C317 /* Release */,
			);
			defaultConfigurationIsVisible = 0;
			defaultConfigurationName = Release;
		};
		0A98E9392492DA4600D2C317 /* Build configuration list for PBXNativeTarget "CoordinatorDemoTests" */ = {
			isa = XCConfigurationList;
			buildConfigurations = (
				0A98E93A2492DA4600D2C317 /* Debug */,
				0A98E93B2492DA4600D2C317 /* Release */,
			);
			defaultConfigurationIsVisible = 0;
			defaultConfigurationName = Release;
		};
/* End XCConfigurationList section */
	};
	rootObject = 0A98E90F2492DA4500D2C317 /* Project object */;
}
